// !$*UTF8*$!
{
	archiveVersion = 1;
	classes = {
	};
	objectVersion = 46;
	objects = {

/* Begin PBXCopyFilesBuildPhase section */
		A76474FC1C8ED94E00ED2EC3 /* CopyFiles */ = {
			isa = PBXCopyFilesBuildPhase;
			buildActionMask = 2147483647;
			dstPath = /usr/share/man/man1/;
			dstSubfolderSpec = 0;
			files = (
			);
			runOnlyForDeploymentPostprocessing = 1;
		};
/* End PBXCopyFilesBuildPhase section */

/* Begin PBXFileReference section */
		A76474FE1C8ED94E00ED2EC3 /* spider */ = {isa = PBXFileReference; explicitFileType = "compiled.mach-o.executable"; includeInIndex = 0; path = spider; sourceTree = BUILT_PRODUCTS_DIR; };
		A76475081C8ED98E00ED2EC3 /* homeparser.py */ = {isa = PBXFileReference; fileEncoding = 4; lastKnownFileType = text.script.python; path = homeparser.py; sourceTree = "<group>"; };
		A76475091C8ED98E00ED2EC3 /* spider.py */ = {isa = PBXFileReference; fileEncoding = 4; lastKnownFileType = text.script.python; path = spider.py; sourceTree = "<group>"; };
		A764750A1C8ED98E00ED2EC3 /* recorditem.py */ = {isa = PBXFileReference; fileEncoding = 4; lastKnownFileType = text.script.python; path = recorditem.py; sourceTree = "<group>"; };
		A764750B1C8ED98E00ED2EC3 /* threadparser.py */ = {isa = PBXFileReference; fileEncoding = 4; lastKnownFileType = text.script.python; path = threadparser.py; sourceTree = "<group>"; };
		A764750C1C8ED98E00ED2EC3 /* tiebaparser.py */ = {isa = PBXFileReference; fileEncoding = 4; lastKnownFileType = text.script.python; path = tiebaparser.py; sourceTree = "<group>"; };
/* End PBXFileReference section */

/* Begin PBXFrameworksBuildPhase section */
		A76474FB1C8ED94E00ED2EC3 /* Frameworks */ = {
			isa = PBXFrameworksBuildPhase;
			buildActionMask = 2147483647;
			files = (
			);
			runOnlyForDeploymentPostprocessing = 0;
		};
/* End PBXFrameworksBuildPhase section */

/* Begin PBXGroup section */
		A76474F51C8ED94E00ED2EC3 = {
			isa = PBXGroup;
			children = (
				A76475001C8ED94E00ED2EC3 /* spider */,
				A76474FF1C8ED94E00ED2EC3 /* Products */,
			);
			sourceTree = "<group>";
		};
		A76474FF1C8ED94E00ED2EC3 /* Products */ = {
			isa = PBXGroup;
			children = (
				A76474FE1C8ED94E00ED2EC3 /* spider */,
			);
			name = Products;
			sourceTree = "<group>";
		};
		A76475001C8ED94E00ED2EC3 /* spider */ = {
			isa = PBXGroup;
			children = (
				A76475091C8ED98E00ED2EC3 /* spider.py */,
				A76475081C8ED98E00ED2EC3 /* homeparser.py */,
				A764750A1C8ED98E00ED2EC3 /* recorditem.py */,
				A764750B1C8ED98E00ED2EC3 /* threadparser.py */,
				A764750C1C8ED98E00ED2EC3 /* tiebaparser.py */,
			);
			path = spider;
			sourceTree = "<group>";
		};
/* End PBXGroup section */

/* Begin PBXNativeTarget section */
		A76474FD1C8ED94E00ED2EC3 /* spider */ = {
			isa = PBXNativeTarget;
			buildConfigurationList = A76475051C8ED94E00ED2EC3 /* Build configuration list for PBXNativeTarget "spider" */;
			buildPhases = (
				A76474FA1C8ED94E00ED2EC3 /* Sources */,
				A76474FB1C8ED94E00ED2EC3 /* Frameworks */,
				A76474FC1C8ED94E00ED2EC3 /* CopyFiles */,
			);
			buildRules = (
			);
			dependencies = (
			);
			name = spider;
			productName = spider;
			productReference = A76474FE1C8ED94E00ED2EC3 /* spider */;
			productType = "com.apple.product-type.tool";
		};
/* End PBXNativeTarget section */

/* Begin PBXProject section */
		A76474F61C8ED94E00ED2EC3 /* Project object */ = {
			isa = PBXProject;
			attributes = {
				LastUpgradeCheck = 0720;
				ORGANIZATIONNAME = KudoCC;
				TargetAttributes = {
					A76474FD1C8ED94E00ED2EC3 = {
						CreatedOnToolsVersion = 7.2;
					};
				};
			};
			buildConfigurationList = A76474F91C8ED94E00ED2EC3 /* Build configuration list for PBXProject "spider" */;
			compatibilityVersion = "Xcode 3.2";
			developmentRegion = English;
			hasScannedForEncodings = 0;
			knownRegions = (
				en,
			);
			mainGroup = A76474F51C8ED94E00ED2EC3;
			productRefGroup = A76474FF1C8ED94E00ED2EC3 /* Products */;
			projectDirPath = "";
			projectRoot = "";
			targets = (
				A76474FD1C8ED94E00ED2EC3 /* spider */,
			);
		};
/* End PBXProject section */

/* Begin PBXSourcesBuildPhase section */
		A76474FA1C8ED94E00ED2EC3 /* Sources */ = {
			isa = PBXSourcesBuildPhase;
			buildActionMask = 2147483647;
			files = (
			);
			runOnlyForDeploymentPostprocessing = 0;
		};
/* End PBXSourcesBuildPhase section */

/* Begin XCBuildConfiguration section */
		A76475031C8ED94E00ED2EC3 /* Debug */ = {
			isa = XCBuildConfiguration;
			buildSettings = {
				ALWAYS_SEARCH_USER_PATHS = NO;
				CLANG_CXX_LANGUAGE_STANDARD = "gnu++0x";
				CLANG_CXX_LIBRARY = "libc++";
				CLANG_ENABLE_MODULES = YES;
				CLANG_ENABLE_OBJC_ARC = YES;
				CLANG_WARN_BOOL_CONVERSION = YES;
				CLANG_WARN_CONSTANT_CONVERSION = YES;
				CLANG_WARN_DIRECT_OBJC_ISA_USAGE = YES_ERROR;
				CLANG_WARN_EMPTY_BODY = YES;
				CLANG_WARN_ENUM_CONVERSION = YES;
				CLANG_WARN_INT_CONVERSION = YES;
				CLANG_WARN_OBJC_ROOT_CLASS = YES_ERROR;
				CLANG_WARN_UNREACHABLE_CODE = YES;
				CLANG_WARN__DUPLICATE_METHOD_MATCH = YES;
				CODE_SIGN_IDENTITY = "-";
				COPY_PHASE_STRIP = NO;
				DEBUG_INFORMATION_FORMAT = dwarf;
				ENABLE_STRICT_OBJC_MSGSEND = YES;
				ENABLE_TESTABILITY = YES;
				GCC_C_LANGUAGE_STANDARD = gnu99;
				GCC_DYNAMIC_NO_PIC = NO;
				GCC_NO_COMMON_BLOCKS = YES;
				GCC_OPTIMIZATION_LEVEL = 0;
				GCC_PREPROCESSOR_DEFINITIONS = (
					"DEBUG=1",
					"$(inherited)",
				);
				GCC_WARN_64_TO_32_BIT_CONVERSION = YES;
				GCC_WARN_ABOUT_RETURN_TYPE = YES_ERROR;
				GCC_WARN_UNDECLARED_SELECTOR = YES;
				GCC_WARN_UNINITIALIZED_AUTOS = YES_AGGRESSIVE;
				GCC_WARN_UNUSED_FUNCTION = YES;
				GCC_WARN_UNUSED_VARIABLE = YES;
				MACOSX_DEPLOYMENT_TARGET = 10.11;
				MTL_ENABLE_DEBUG_INFO = YES;
				ONLY_ACTIVE_ARCH = YES;
				SDKROOT = macosx;
			};
			name = Debug;
		};
		A76475041C8ED94E00ED2EC3 /* Release */ = {
			isa = XCBuildConfiguration;
			buildSettings = {
				ALWAYS_SEARCH_USER_PATHS = NO;
				CLANG_CXX_LANGUAGE_STANDARD = "gnu++0x";
				CLANG_CXX_LIBRARY = "libc++";
				CLANG_ENABLE_MODULES = YES;
				CLANG_ENABLE_OBJC_ARC = YES;
				CLANG_WARN_BOOL_CONVERSION = YES;
				CLANG_WARN_CONSTANT_CONVERSION = YES;
				CLANG_WARN_DIRECT_OBJC_ISA_USAGE = YES_ERROR;
				CLANG_WARN_EMPTY_BODY = YES;
				CLANG_WARN_ENUM_CONVERSION = YES;
				CLANG_WARN_INT_CONVERSION = YES;
				CLANG_WARN_OBJC_ROOT_CLASS = YES_ERROR;
				CLANG_WARN_UNREACHABLE_CODE = YES;
				CLANG_WARN__DUPLICATE_METHOD_MATCH = YES;
				CODE_SIGN_IDENTITY = "-";
				COPY_PHASE_STRIP = NO;
				DEBUG_INFORMATION_FORMAT = "dwarf-with-dsym";
				ENABLE_NS_ASSERTIONS = NO;
				ENABLE_STRICT_OBJC_MSGSEND = YES;
				GCC_C_LANGUAGE_STANDARD = gnu99;
				GCC_NO_COMMON_BLOCKS = YES;
				GCC_WARN_64_TO_32_BIT_CONVERSION = YES;
				GCC_WARN_ABOUT_RETURN_TYPE = YES_ERROR;
				GCC_WARN_UNDECLARED_SELECTOR = YES;
				GCC_WARN_UNINITIALIZED_AUTOS = YES_AGGRESSIVE;
				GCC_WARN_UNUSED_FUNCTION = YES;
				GCC_WARN_UNUSED_VARIABLE = YES;
				MACOSX_DEPLOYMENT_TARGET = 10.11;
				MTL_ENABLE_DEBUG_INFO = NO;
				SDKROOT = macosx;
			};
			name = Release;
		};
		A76475061C8ED94E00ED2EC3 /* Debug */ = {
			isa = XCBuildConfiguration;
			buildSettings = {
				PRODUCT_NAME = "$(TARGET_NAME)";
			};
			name = Debug;
		};
		A76475071C8ED94E00ED2EC3 /* Release */ = {
			isa = XCBuildConfiguration;
			buildSettings = {
				PRODUCT_NAME = "$(TARGET_NAME)";
			};
			name = Release;
		};
/* End XCBuildConfiguration section */

/* Begin XCConfigurationList section */
		A76474F91C8ED94E00ED2EC3 /* Build configuration list for PBXProject "spider" */ = {
			isa = XCConfigurationList;
			buildConfigurations = (
				A76475031C8ED94E00ED2EC3 /* Debug */,
				A76475041C8ED94E00ED2EC3 /* Release */,
			);
			defaultConfigurationIsVisible = 0;
			defaultConfigurationName = Release;
		};
		A76475051C8ED94E00ED2EC3 /* Build configuration list for PBXNativeTarget "spider" */ = {
			isa = XCConfigurationList;
			buildConfigurations = (
				A76475061C8ED94E00ED2EC3 /* Debug */,
				A76475071C8ED94E00ED2EC3 /* Release */,
			);
			defaultConfigurationIsVisible = 0;
		};
/* End XCConfigurationList section */
	};
	rootObject = A76474F61C8ED94E00ED2EC3 /* Project object */;
}
